{
  "originHash" : "ee16f353c0a943502be36044521fb44fb8e5cce3417c3413a9e7cc2b903f7a63",
  "pins" : [
    {
      "identity" : "rendermethis",
      "kind" : "remoteSourceControl",
      "location" : "https://github.com/Aeastr/RenderMeThis",
      "state" : {
        "revision" : "0f9eb374addfd685154a3583a5d82bd5e2ac6005",
        "version" : "2.1.0"
      }
    }
  ],
  "version" : 3
}
